// !$*UTF8*$!
{
	archiveVersion = 1;
	classes = {
	};
	objectVersion = 46;
	objects = {

/* Begin PBXBuildFile section */
		AD00E9C71F5488380057A812 /* main.m in Sources */ = {isa = PBXBuildFile; fileRef = AD00E9C61F5488380057A812 /* main.m */; };
		AD00E9CA1F5488380057A812 /* AppDelegate.m in Sources */ = {isa = PBXBuildFile; fileRef = AD00E9C91F5488380057A812 /* AppDelegate.m */; };
		AD00E9CD1F5488380057A812 /* ViewController.m in Sources */ = {isa = PBXBuildFile; fileRef = AD00E9CC1F5488380057A812 /* ViewController.m */; };
		AD00E9D01F5488380057A812 /* Main.storyboard in Resources */ = {isa = PBXBuildFile; fileRef = AD00E9CE1F5488380057A812 /* Main.storyboard */; };
		AD00E9D21F5488380057A812 /* Assets.xcassets in Resources */ = {isa = PBXBuildFile; fileRef = AD00E9D11F5488380057A812 /* Assets.xcassets */; };
		AD00E9D51F5488380057A812 /* LaunchScreen.storyboard in Resources */ = {isa = PBXBuildFile; fileRef = AD00E9D31F5488380057A812 /* LaunchScreen.storyboard */; };
		AD00E9DD1F54889F0057A812 /* lat_mem_rd.c in Sources */ = {isa = PBXBuildFile; fileRef = AD00E9DC1F54889F0057A812 /* lat_mem_rd.c */; };
		AD00E9DF1F548BD60057A812 /* lib_mem.c in Sources */ = {isa = PBXBuildFile; fileRef = AD00E9DE1F548BD60057A812 /* lib_mem.c */; };
		AD00E9E11F548CC20057A812 /* lib_timing.c in Sources */ = {isa = PBXBuildFile; fileRef = AD00E9E01F548CC20057A812 /* lib_timing.c */; };
		AD00E9E31F548E070057A812 /* getopt.c in Sources */ = {isa = PBXBuildFile; fileRef = AD00E9E21F548E070057A812 /* getopt.c */; };
		AD00E9E51F548E8C0057A812 /* lib_sched.c in Sources */ = {isa = PBXBuildFile; fileRef = AD00E9E41F548E8C0057A812 /* lib_sched.c */; };
		AD048BFD1F7187ED009A7750 /* lat_ctx.c in Sources */ = {isa = PBXBuildFile; fileRef = AD048BFC1F7187ED009A7750 /* lat_ctx.c */; };
		AD9B5E101F7AD66F00BED3DE /* bw_file_rd.c in Sources */ = {isa = PBXBuildFile; fileRef = AD9B5E0F1F7AD66F00BED3DE /* bw_file_rd.c */; };
		AD9B5E121F7BC2B200BED3DE /* lat_ops.c in Sources */ = {isa = PBXBuildFile; fileRef = AD9B5E111F7BC2B100BED3DE /* lat_ops.c */; };
		AD9B5E141F7BCDF800BED3DE /* lat_fs.c in Sources */ = {isa = PBXBuildFile; fileRef = AD9B5E131F7BCDF700BED3DE /* lat_fs.c */; };
		AD9B5E1B1F7D229100BED3DE /* lat_sem.c in Sources */ = {isa = PBXBuildFile; fileRef = AD9B5E1A1F7D229000BED3DE /* lat_sem.c */; };
		ADBFF36320B1DB870026720D /* lat_array.m in Sources */ = {isa = PBXBuildFile; fileRef = ADBFF36220B1DB870026720D /* lat_array.m */; };
		ADBFF36520B2231E0026720D /* lat_string.m in Sources */ = {isa = PBXBuildFile; fileRef = ADBFF36420B2231D0026720D /* lat_string.m */; };
		ADDD6F221FA76C67004855AE /* lat_thread.c in Sources */ = {isa = PBXBuildFile; fileRef = ADDD6F211FA76C67004855AE /* lat_thread.c */; };
		ADDD6F291FA8EE51004855AE /* bw_mem.c in Sources */ = {isa = PBXBuildFile; fileRef = ADDD6F281FA8EE50004855AE /* bw_mem.c */; };
/* End PBXBuildFile section */

/* Begin PBXFileReference section */
		AD00E9C21F5488370057A812 /* lmbench.app */ = {isa = PBXFileReference; explicitFileType = wrapper.application; includeInIndex = 0; path = lmbench.app; sourceTree = BUILT_PRODUCTS_DIR; };
		AD00E9C61F5488380057A812 /* main.m */ = {isa = PBXFileReference; lastKnownFileType = sourcecode.c.objc; path = main.m; sourceTree = "<group>"; };
		AD00E9C81F5488380057A812 /* AppDelegate.h */ = {isa = PBXFileReference; lastKnownFileType = sourcecode.c.h; path = AppDelegate.h; sourceTree = "<group>"; };
		AD00E9C91F5488380057A812 /* AppDelegate.m */ = {isa = PBXFileReference; lastKnownFileType = sourcecode.c.objc; path = AppDelegate.m; sourceTree = "<group>"; };
		AD00E9CB1F5488380057A812 /* ViewController.h */ = {isa = PBXFileReference; lastKnownFileType = sourcecode.c.h; path = ViewController.h; sourceTree = "<group>"; };
		AD00E9CC1F5488380057A812 /* ViewController.m */ = {isa = PBXFileReference; lastKnownFileType = sourcecode.c.objc; path = ViewController.m; sourceTree = "<group>"; };
		AD00E9CF1F5488380057A812 /* Base */ = {isa = PBXFileReference; lastKnownFileType = file.storyboard; name = Base; path = Base.lproj/Main.storyboard; sourceTree = "<group>"; };
		AD00E9D11F5488380057A812 /* Assets.xcassets */ = {isa = PBXFileReference; lastKnownFileType = folder.assetcatalog; path = Assets.xcassets; sourceTree = "<group>"; };
		AD00E9D41F5488380057A812 /* Base */ = {isa = PBXFileReference; lastKnownFileType = file.storyboard; name = Base; path = Base.lproj/LaunchScreen.storyboard; sourceTree = "<group>"; };
		AD00E9D61F5488380057A812 /* Info.plist */ = {isa = PBXFileReference; lastKnownFileType = text.plist.xml; path = Info.plist; sourceTree = "<group>"; };
		AD00E9DC1F54889F0057A812 /* lat_mem_rd.c */ = {isa = PBXFileReference; fileEncoding = 4; lastKnownFileType = sourcecode.c.c; path = lat_mem_rd.c; sourceTree = "<group>"; };
		AD00E9DE1F548BD60057A812 /* lib_mem.c */ = {isa = PBXFileReference; fileEncoding = 4; lastKnownFileType = sourcecode.c.c; path = lib_mem.c; sourceTree = "<group>"; };
		AD00E9E01F548CC20057A812 /* lib_timing.c */ = {isa = PBXFileReference; fileEncoding = 4; lastKnownFileType = sourcecode.c.c; path = lib_timing.c; sourceTree = "<group>"; };
		AD00E9E21F548E070057A812 /* getopt.c */ = {isa = PBXFileReference; fileEncoding = 4; lastKnownFileType = sourcecode.c.c; path = getopt.c; sourceTree = "<group>"; };
		AD00E9E41F548E8C0057A812 /* lib_sched.c */ = {isa = PBXFileReference; fileEncoding = 4; lastKnownFileType = sourcecode.c.c; path = lib_sched.c; sourceTree = "<group>"; };
		AD048BFC1F7187ED009A7750 /* lat_ctx.c */ = {isa = PBXFileReference; lastKnownFileType = sourcecode.c.c; path = lat_ctx.c; sourceTree = "<group>"; };
		AD14A71F1F9EAC5E0010462D /* CoreImage.framework */ = {isa = PBXFileReference; lastKnownFileType = wrapper.framework; name = CoreImage.framework; path = System/Library/Frameworks/CoreImage.framework; sourceTree = SDKROOT; };
		AD9B5E0F1F7AD66F00BED3DE /* bw_file_rd.c */ = {isa = PBXFileReference; lastKnownFileType = sourcecode.c.c; path = bw_file_rd.c; sourceTree = "<group>"; };
		AD9B5E111F7BC2B100BED3DE /* lat_ops.c */ = {isa = PBXFileReference; lastKnownFileType = sourcecode.c.c; path = lat_ops.c; sourceTree = "<group>"; };
		AD9B5E131F7BCDF700BED3DE /* lat_fs.c */ = {isa = PBXFileReference; lastKnownFileType = sourcecode.c.c; path = lat_fs.c; sourceTree = "<group>"; };
		AD9B5E1A1F7D229000BED3DE /* lat_sem.c */ = {isa = PBXFileReference; lastKnownFileType = sourcecode.c.c; path = lat_sem.c; sourceTree = "<group>"; };
		ADBFF36220B1DB870026720D /* lat_array.m */ = {isa = PBXFileReference; fileEncoding = 4; lastKnownFileType = sourcecode.c.objc; path = lat_array.m; sourceTree = "<group>"; };
		ADBFF36420B2231D0026720D /* lat_string.m */ = {isa = PBXFileReference; fileEncoding = 4; lastKnownFileType = sourcecode.c.objc; path = lat_string.m; sourceTree = "<group>"; };
		ADDD6F211FA76C67004855AE /* lat_thread.c */ = {isa = PBXFileReference; fileEncoding = 4; lastKnownFileType = sourcecode.c.c; path = lat_thread.c; sourceTree = "<group>"; };
		ADDD6F281FA8EE50004855AE /* bw_mem.c */ = {isa = PBXFileReference; fileEncoding = 4; lastKnownFileType = sourcecode.c.c; path = bw_mem.c; sourceTree = "<group>"; };
/* End PBXFileReference section */

/* Begin PBXFrameworksBuildPhase section */
		AD00E9BF1F5488370057A812 /* Frameworks */ = {
			isa = PBXFrameworksBuildPhase;
			buildActionMask = 2147483647;
			files = (
			);
			runOnlyForDeploymentPostprocessing = 0;
		};
/* End PBXFrameworksBuildPhase section */

/* Begin PBXGroup section */
		AD00E9B91F5488370057A812 = {
			isa = PBXGroup;
			children = (
				AD00E9C41F5488380057A812 /* lmbench */,
				AD00E9C31F5488370057A812 /* Products */,
				AD14A71E1F9EAC5E0010462D /* Frameworks */,
			);
			sourceTree = "<group>";
		};
		AD00E9C31F5488370057A812 /* Products */ = {
			isa = PBXGroup;
			children = (
				AD00E9C21F5488370057A812 /* lmbench.app */,
			);
			name = Products;
			sourceTree = "<group>";
		};
		AD00E9C41F5488380057A812 /* lmbench */ = {
			isa = PBXGroup;
			children = (
				AD00E9C81F5488380057A812 /* AppDelegate.h */,
				AD00E9C91F5488380057A812 /* AppDelegate.m */,
				AD9B5E131F7BCDF700BED3DE /* lat_fs.c */,
				ADDD6F281FA8EE50004855AE /* bw_mem.c */,
				ADDD6F211FA76C67004855AE /* lat_thread.c */,
				AD9B5E1A1F7D229000BED3DE /* lat_sem.c */,
				ADBFF36220B1DB870026720D /* lat_array.m */,
				ADBFF36420B2231D0026720D /* lat_string.m */,
				AD9B5E111F7BC2B100BED3DE /* lat_ops.c */,
				AD9B5E0F1F7AD66F00BED3DE /* bw_file_rd.c */,
				AD00E9DC1F54889F0057A812 /* lat_mem_rd.c */,
				AD048BFC1F7187ED009A7750 /* lat_ctx.c */,
				AD00E9E41F548E8C0057A812 /* lib_sched.c */,
				AD00E9DE1F548BD60057A812 /* lib_mem.c */,
				AD00E9E01F548CC20057A812 /* lib_timing.c */,
				AD00E9E21F548E070057A812 /* getopt.c */,
				AD00E9CB1F5488380057A812 /* ViewController.h */,
				AD00E9CC1F5488380057A812 /* ViewController.m */,
				AD00E9CE1F5488380057A812 /* Main.storyboard */,
				AD00E9D11F5488380057A812 /* Assets.xcassets */,
				AD00E9D31F5488380057A812 /* LaunchScreen.storyboard */,
				AD00E9D61F5488380057A812 /* Info.plist */,
				AD00E9C51F5488380057A812 /* Supporting Files */,
			);
			path = lmbench;
			sourceTree = "<group>";
		};
		AD00E9C51F5488380057A812 /* Supporting Files */ = {
			isa = PBXGroup;
			children = (
				AD00E9C61F5488380057A812 /* main.m */,
			);
			name = "Supporting Files";
			sourceTree = "<group>";
		};
		AD14A71E1F9EAC5E0010462D /* Frameworks */ = {
			isa = PBXGroup;
			children = (
				AD14A71F1F9EAC5E0010462D /* CoreImage.framework */,
			);
			name = Frameworks;
			sourceTree = "<group>";
		};
/* End PBXGroup section */

/* Begin PBXNativeTarget section */
		AD00E9C11F5488370057A812 /* lmbench */ = {
			isa = PBXNativeTarget;
			buildConfigurationList = AD00E9D91F5488380057A812 /* Build configuration list for PBXNativeTarget "lmbench" */;
			buildPhases = (
				AD00E9BE1F5488370057A812 /* Sources */,
				AD00E9BF1F5488370057A812 /* Frameworks */,
				AD00E9C01F5488370057A812 /* Resources */,
			);
			buildRules = (
			);
			dependencies = (
			);
			name = lmbench;
			productName = lmbench;
			productReference = AD00E9C21F5488370057A812 /* lmbench.app */;
			productType = "com.apple.product-type.application";
		};
/* End PBXNativeTarget section */

/* Begin PBXProject section */
		AD00E9BA1F5488370057A812 /* Project object */ = {
			isa = PBXProject;
			attributes = {
				LastUpgradeCheck = 0830;
				ORGANIZATIONNAME = d.kurkin;
				TargetAttributes = {
					AD00E9C11F5488370057A812 = {
						CreatedOnToolsVersion = 8.3.3;
						DevelopmentTeam = 9AZATLA397;
						ProvisioningStyle = Automatic;
					};
				};
			};
			buildConfigurationList = AD00E9BD1F5488370057A812 /* Build configuration list for PBXProject "lmbench" */;
			compatibilityVersion = "Xcode 3.2";
			developmentRegion = English;
			hasScannedForEncodings = 0;
			knownRegions = (
				en,
				Base,
			);
			mainGroup = AD00E9B91F5488370057A812;
			productRefGroup = AD00E9C31F5488370057A812 /* Products */;
			projectDirPath = "";
			projectRoot = "";
			targets = (
				AD00E9C11F5488370057A812 /* lmbench */,
			);
		};
/* End PBXProject section */

/* Begin PBXResourcesBuildPhase section */
		AD00E9C01F5488370057A812 /* Resources */ = {
			isa = PBXResourcesBuildPhase;
			buildActionMask = 2147483647;
			files = (
				AD00E9D51F5488380057A812 /* LaunchScreen.storyboard in Resources */,
				AD00E9D21F5488380057A812 /* Assets.xcassets in Resources */,
				AD00E9D01F5488380057A812 /* Main.storyboard in Resources */,
			);
			runOnlyForDeploymentPostprocessing = 0;
		};
/* End PBXResourcesBuildPhase section */

/* Begin PBXSourcesBuildPhase section */
		AD00E9BE1F5488370057A812 /* Sources */ = {
			isa = PBXSourcesBuildPhase;
			buildActionMask = 2147483647;
			files = (
				AD9B5E1B1F7D229100BED3DE /* lat_sem.c in Sources */,
				AD00E9CD1F5488380057A812 /* ViewController.m in Sources */,
				AD00E9E51F548E8C0057A812 /* lib_sched.c in Sources */,
				ADBFF36320B1DB870026720D /* lat_array.m in Sources */,
				ADDD6F291FA8EE51004855AE /* bw_mem.c in Sources */,
				AD048BFD1F7187ED009A7750 /* lat_ctx.c in Sources */,
				AD9B5E121F7BC2B200BED3DE /* lat_ops.c in Sources */,
				ADBFF36520B2231E0026720D /* lat_string.m in Sources */,
				AD00E9E11F548CC20057A812 /* lib_timing.c in Sources */,
				AD00E9DD1F54889F0057A812 /* lat_mem_rd.c in Sources */,
				ADDD6F221FA76C67004855AE /* lat_thread.c in Sources */,
				AD00E9DF1F548BD60057A812 /* lib_mem.c in Sources */,
				AD00E9E31F548E070057A812 /* getopt.c in Sources */,
				AD00E9CA1F5488380057A812 /* AppDelegate.m in Sources */,
				AD9B5E101F7AD66F00BED3DE /* bw_file_rd.c in Sources */,
				AD9B5E141F7BCDF800BED3DE /* lat_fs.c in Sources */,
				AD00E9C71F5488380057A812 /* main.m in Sources */,
			);
			runOnlyForDeploymentPostprocessing = 0;
		};
/* End PBXSourcesBuildPhase section */

/* Begin PBXVariantGroup section */
		AD00E9CE1F5488380057A812 /* Main.storyboard */ = {
			isa = PBXVariantGroup;
			children = (
				AD00E9CF1F5488380057A812 /* Base */,
			);
			name = Main.storyboard;
			sourceTree = "<group>";
		};
		AD00E9D31F5488380057A812 /* LaunchScreen.storyboard */ = {
			isa = PBXVariantGroup;
			children = (
				AD00E9D41F5488380057A812 /* Base */,
			);
			name = LaunchScreen.storyboard;
			sourceTree = "<group>";
		};
/* End PBXVariantGroup section */

/* Begin XCBuildConfiguration section */
		AD00E9D71F5488380057A812 /* Debug */ = {
			isa = XCBuildConfiguration;
			buildSettings = {
				ALWAYS_SEARCH_USER_PATHS = NO;
				CLANG_ANALYZER_NONNULL = YES;
				CLANG_ANALYZER_NUMBER_OBJECT_CONVERSION = YES_AGGRESSIVE;
				CLANG_CXX_LANGUAGE_STANDARD = "gnu++0x";
				CLANG_CXX_LIBRARY = "libc++";
				CLANG_ENABLE_MODULES = YES;
				CLANG_ENABLE_OBJC_ARC = YES;
				CLANG_WARN_BOOL_CONVERSION = YES;
				CLANG_WARN_CONSTANT_CONVERSION = YES;
				CLANG_WARN_DIRECT_OBJC_ISA_USAGE = YES_ERROR;
				CLANG_WARN_DOCUMENTATION_COMMENTS = YES;
				CLANG_WARN_EMPTY_BODY = YES;
				CLANG_WARN_ENUM_CONVERSION = YES;
				CLANG_WARN_INFINITE_RECURSION = YES;
				CLANG_WARN_INT_CONVERSION = YES;
				CLANG_WARN_OBJC_ROOT_CLASS = YES_ERROR;
				CLANG_WARN_SUSPICIOUS_MOVE = YES;
				CLANG_WARN_UNREACHABLE_CODE = YES;
				CLANG_WARN__DUPLICATE_METHOD_MATCH = YES;
				"CODE_SIGN_IDENTITY[sdk=iphoneos*]" = "iPhone Developer";
				COPY_PHASE_STRIP = NO;
				DEBUG_INFORMATION_FORMAT = dwarf;
				ENABLE_STRICT_OBJC_MSGSEND = YES;
				ENABLE_TESTABILITY = YES;
				GCC_C_LANGUAGE_STANDARD = gnu99;
				GCC_DYNAMIC_NO_PIC = NO;
				GCC_NO_COMMON_BLOCKS = YES;
				GCC_OPTIMIZATION_LEVEL = 0;
				GCC_PREPROCESSOR_DEFINITIONS = (
					"DEBUG=1",
					"$(inherited)",
				);
				GCC_WARN_64_TO_32_BIT_CONVERSION = YES;
				GCC_WARN_ABOUT_RETURN_TYPE = YES_ERROR;
				GCC_WARN_UNDECLARED_SELECTOR = YES;
				GCC_WARN_UNINITIALIZED_AUTOS = YES_AGGRESSIVE;
				GCC_WARN_UNUSED_FUNCTION = YES;
				GCC_WARN_UNUSED_VARIABLE = YES;
				IPHONEOS_DEPLOYMENT_TARGET = 10.3;
				MTL_ENABLE_DEBUG_INFO = YES;
				ONLY_ACTIVE_ARCH = YES;
				SDKROOT = iphoneos;
				TARGETED_DEVICE_FAMILY = "1,2";
			};
			name = Debug;
		};
		AD00E9D81F5488380057A812 /* Release */ = {
			isa = XCBuildConfiguration;
			buildSettings = {
				ALWAYS_SEARCH_USER_PATHS = NO;
				CLANG_ANALYZER_NONNULL = YES;
				CLANG_ANALYZER_NUMBER_OBJECT_CONVERSION = YES_AGGRESSIVE;
				CLANG_CXX_LANGUAGE_STANDARD = "gnu++0x";
				CLANG_CXX_LIBRARY = "libc++";
				CLANG_ENABLE_MODULES = YES;
				CLANG_ENABLE_OBJC_ARC = YES;
				CLANG_WARN_BOOL_CONVERSION = YES;
				CLANG_WARN_CONSTANT_CONVERSION = YES;
				CLANG_WARN_DIRECT_OBJC_ISA_USAGE = YES_ERROR;
				CLANG_WARN_DOCUMENTATION_COMMENTS = YES;
				CLANG_WARN_EMPTY_BODY = YES;
				CLANG_WARN_ENUM_CONVERSION = YES;
				CLANG_WARN_INFINITE_RECURSION = YES;
				CLANG_WARN_INT_CONVERSION = YES;
				CLANG_WARN_OBJC_ROOT_CLASS = YES_ERROR;
				CLANG_WARN_SUSPICIOUS_MOVE = YES;
				CLANG_WARN_UNREACHABLE_CODE = YES;
				CLANG_WARN__DUPLICATE_METHOD_MATCH = YES;
				"CODE_SIGN_IDENTITY[sdk=iphoneos*]" = "iPhone Developer";
				COPY_PHASE_STRIP = NO;
				DEBUG_INFORMATION_FORMAT = "dwarf-with-dsym";
				ENABLE_NS_ASSERTIONS = NO;
				ENABLE_STRICT_OBJC_MSGSEND = YES;
				GCC_C_LANGUAGE_STANDARD = gnu99;
				GCC_NO_COMMON_BLOCKS = YES;
				GCC_WARN_64_TO_32_BIT_CONVERSION = YES;
				GCC_WARN_ABOUT_RETURN_TYPE = YES_ERROR;
				GCC_WARN_UNDECLARED_SELECTOR = YES;
				GCC_WARN_UNINITIALIZED_AUTOS = YES_AGGRESSIVE;
				GCC_WARN_UNUSED_FUNCTION = YES;
				GCC_WARN_UNUSED_VARIABLE = YES;
				IPHONEOS_DEPLOYMENT_TARGET = 10.3;
				MTL_ENABLE_DEBUG_INFO = NO;
				SDKROOT = iphoneos;
				TARGETED_DEVICE_FAMILY = "1,2";
				VALIDATE_PRODUCT = YES;
			};
			name = Release;
		};
		AD00E9DA1F5488380057A812 /* Debug */ = {
			isa = XCBuildConfiguration;
			buildSettings = {
				ASSETCATALOG_COMPILER_APPICON_NAME = AppIcon;
				DEVELOPMENT_TEAM = 9AZATLA397;
				GCC_PREPROCESSOR_DEFINITIONS = (
					HAVE_socklen_t,
					"DEBUG=1",
					"$(inherited)",
				);
				INFOPLIST_FILE = lmbench/Info.plist;
				LD_RUNPATH_SEARCH_PATHS = "$(inherited) @executable_path/Frameworks";
				PRODUCT_BUNDLE_IDENTIFIER = com.kurkin.lmbench;
				PRODUCT_NAME = "$(TARGET_NAME)";
			};
			name = Debug;
		};
		AD00E9DB1F5488380057A812 /* Release */ = {
			isa = XCBuildConfiguration;
			buildSettings = {
				ASSETCATALOG_COMPILER_APPICON_NAME = AppIcon;
				DEVELOPMENT_TEAM = 9AZATLA397;
				GCC_PREPROCESSOR_DEFINITIONS = HAVE_socklen_t;
				INFOPLIST_FILE = lmbench/Info.plist;
				LD_RUNPATH_SEARCH_PATHS = "$(inherited) @executable_path/Frameworks";
				PRODUCT_BUNDLE_IDENTIFIER = com.kurkin.lmbench;
				PRODUCT_NAME = "$(TARGET_NAME)";
			};
			name = Release;
		};
/* End XCBuildConfiguration section */

/* Begin XCConfigurationList section */
		AD00E9BD1F5488370057A812 /* Build configuration list for PBXProject "lmbench" */ = {
			isa = XCConfigurationList;
			buildConfigurations = (
				AD00E9D71F5488380057A812 /* Debug */,
				AD00E9D81F5488380057A812 /* Release */,
			);
			defaultConfigurationIsVisible = 0;
			defaultConfigurationName = Release;
		};
		AD00E9D91F5488380057A812 /* Build configuration list for PBXNativeTarget "lmbench" */ = {
			isa = XCConfigurationList;
			buildConfigurations = (
				AD00E9DA1F5488380057A812 /* Debug */,
				AD00E9DB1F5488380057A812 /* Release */,
			);
			defaultConfigurationIsVisible = 0;
			defaultConfigurationName = Release;
		};
/* End XCConfigurationList section */
	};
	rootObject = AD00E9BA1F5488370057A812 /* Project object */;
}
